<?xml version="1.0" encoding="UTF-8"?>
<Scheme
   version = "1.3">
   <BuildAction>
      <BuildActionEntries>
         <BuildActionEntry
            buildForRunning = "YES">
            <BuildableReference
               BuildableIdentifier = "primary"
               BlueprintIdentifier = "F43502791A6791B200038A29"
               BuildableName = "OAuthSwift.framework"
               BlueprintName = "OAuthSwift"
               ReferencedContainer = "container:OAuthSwift.xcodeproj">
            </BuildableReference>
         </BuildActionEntry>
      </BuildActionEntries>
   </BuildAction>
   <LaunchAction
      useCustomWorkingDirectory = "NO"
      buildConfiguration = "Debug">
      <BuildableProductRunnable>
         <BuildableReference
            BuildableIdentifier = "primary"
            BlueprintIdentifier = "F451E3C4195B8CD80051434C"
            BuildableName = "OAuthSwiftDemo.app"
            BlueprintName = "OAuthSwiftDemo"
            ReferencedContainer = "container:OAuthSwift.xcodeproj">
         </BuildableReference>
      </BuildableProductRunnable>
   </LaunchAction>
</Scheme>
